
Microsoft Visual Studio Solution File, Format Version 12.00
# Visual Studio Version 17
VisualStudioVersion = 17.0.32126.317
MinimumVisualStudioVersion = 10.0.40219.1
Project("{F184B08F-C81C-45F6-A57F-5ABD9991F28F}") = "reface", "reface.vbproj", "{72855F93-785A-4747-BCD4-DAD6AE404C58}"
EndProject
Global
	GlobalSection(SolutionConfigurationPlatforms) = preSolution
		Debug|Any CPU = Debug|Any CPU
		Release|Any CPU = Release|Any CPU
	EndGlobalSection
	GlobalSection(ProjectConfigurationPlatforms) = postSolution
		{72855F93-785A-4747-BCD4-DAD6AE404C58}.Debug|Any CPU.ActiveCfg = Debug|Any CPU
		{72855F93-785A-4747-BCD4-DAD6AE404C58}.Debug|Any CPU.Build.0 = Debug|Any CPU
		{72855F93-785A-4747-BCD4-DAD6AE404C58}.Release|Any CPU.ActiveCfg = Release|Any CPU
		{72855F93-785A-4747-BCD4-DAD6AE404C58}.Release|Any CPU.Build.0 = Release|Any CPU
	EndGlobalSection
	GlobalSection(SolutionProperties) = preSolution
		HideSolutionNode = FALSE
	EndGlobalSection
	GlobalSection(ExtensibilityGlobals) = postSolution
		SolutionGuid = {BD83344E-3715-4666-B54A-F42CB747921C}
	EndGlobalSection
EndGlobal
